// !$*UTF8*$!
{
	archiveVersion = 1;
	classes = {
	};
	objectVersion = 55;
	objects = {

/* Begin PBXBuildFile section */
		660D333529BFD31100773AE6 /* AppDelegate.swift in Sources */ = {isa = PBXBuildFile; fileRef = 660D333429BFD31100773AE6 /* AppDelegate.swift */; };
		660D333729BFD31100773AE6 /* SceneDelegate.swift in Sources */ = {isa = PBXBuildFile; fileRef = 660D333629BFD31100773AE6 /* SceneDelegate.swift */; };
		660D333929BFD31100773AE6 /* WelcomeViewController.swift in Sources */ = {isa = PBXBuildFile; fileRef = 660D333829BFD31100773AE6 /* WelcomeViewController.swift */; };
		660D333C29BFD31100773AE6 /* Main.storyboard in Resources */ = {isa = PBXBuildFile; fileRef = 660D333A29BFD31100773AE6 /* Main.storyboard */; };
		660D333E29BFD31200773AE6 /* Assets.xcassets in Resources */ = {isa = PBXBuildFile; fileRef = 660D333D29BFD31200773AE6 /* Assets.xcassets */; };
		660D334129BFD31200773AE6 /* LaunchScreen.storyboard in Resources */ = {isa = PBXBuildFile; fileRef = 660D333F29BFD31200773AE6 /* LaunchScreen.storyboard */; };
		6612152D29C36040000477C7 /* GitHubManager.swift in Sources */ = {isa = PBXBuildFile; fileRef = 6612152C29C36040000477C7 /* GitHubManager.swift */; };
		6612152F29C360F7000477C7 /* Repository.swift in Sources */ = {isa = PBXBuildFile; fileRef = 6612152E29C360F7000477C7 /* Repository.swift */; };
		6612153129C3617C000477C7 /* K.swift in Sources */ = {isa = PBXBuildFile; fileRef = 6612153029C3617C000477C7 /* K.swift */; };
		6616FC6429C27227001B24C4 /* VT323-Regular.ttf in Resources */ = {isa = PBXBuildFile; fileRef = 6616FC6329C27227001B24C4 /* VT323-Regular.ttf */; };
		662CE76129CB5FBA0094D5AC /* LaunchLogo.png in Resources */ = {isa = PBXBuildFile; fileRef = 662CE76029CB5FBA0094D5AC /* LaunchLogo.png */; };
		664B897C29C64463008445CB /* GitHubPageViewController.swift in Sources */ = {isa = PBXBuildFile; fileRef = 664B897B29C64463008445CB /* GitHubPageViewController.swift */; };
		66747E9129C3388900AFE39D /* ReposListViewController.swift in Sources */ = {isa = PBXBuildFile; fileRef = 66747E9029C3388900AFE39D /* ReposListViewController.swift */; };
		66747E9829C3466400AFE39D /* RepositoryCell.xib in Resources */ = {isa = PBXBuildFile; fileRef = 66747E9629C3466400AFE39D /* RepositoryCell.xib */; };
		66747E9929C3466400AFE39D /* RepositoryCell.swift in Sources */ = {isa = PBXBuildFile; fileRef = 66747E9729C3466400AFE39D /* RepositoryCell.swift */; };
		66BEB2482AB8B8A1001DD47F /* YouTubeViewController.swift in Sources */ = {isa = PBXBuildFile; fileRef = 66BEB2472AB8B8A1001DD47F /* YouTubeViewController.swift */; };
		66BEB24A2AB8BDDC001DD47F /* AboutViewController.swift in Sources */ = {isa = PBXBuildFile; fileRef = 66BEB2492AB8BDDC001DD47F /* AboutViewController.swift */; };
		66F1EACB2A55C8F100DF3A6C /* AppearanceManager.swift in Sources */ = {isa = PBXBuildFile; fileRef = 66F1EACA2A55C8F100DF3A6C /* AppearanceManager.swift */; };
		66FE4AA129C7A4C8003E95B2 /* SettingsViewController.swift in Sources */ = {isa = PBXBuildFile; fileRef = 66FE4AA029C7A4C8003E95B2 /* SettingsViewController.swift */; };
/* End PBXBuildFile section */

/* Begin PBXFileReference section */
		660D333129BFD31100773AE6 /* AboutMe.app */ = {isa = PBXFileReference; explicitFileType = wrapper.application; includeInIndex = 0; path = AboutMe.app; sourceTree = BUILT_PRODUCTS_DIR; };
		660D333429BFD31100773AE6 /* AppDelegate.swift */ = {isa = PBXFileReference; lastKnownFileType = sourcecode.swift; path = AppDelegate.swift; sourceTree = "<group>"; };
		660D333629BFD31100773AE6 /* SceneDelegate.swift */ = {isa = PBXFileReference; lastKnownFileType = sourcecode.swift; path = SceneDelegate.swift; sourceTree = "<group>"; };
		660D333829BFD31100773AE6 /* WelcomeViewController.swift */ = {isa = PBXFileReference; lastKnownFileType = sourcecode.swift; path = WelcomeViewController.swift; sourceTree = "<group>"; usesTabs = 0; };
		660D333B29BFD31100773AE6 /* Base */ = {isa = PBXFileReference; lastKnownFileType = file.storyboard; name = Base; path = Base.lproj/Main.storyboard; sourceTree = "<group>"; };
		660D333D29BFD31200773AE6 /* Assets.xcassets */ = {isa = PBXFileReference; lastKnownFileType = folder.assetcatalog; path = Assets.xcassets; sourceTree = "<group>"; };
		660D334029BFD31200773AE6 /* Base */ = {isa = PBXFileReference; lastKnownFileType = file.storyboard; name = Base; path = Base.lproj/LaunchScreen.storyboard; sourceTree = "<group>"; };
		660D334229BFD31200773AE6 /* Info.plist */ = {isa = PBXFileReference; lastKnownFileType = text.plist.xml; path = Info.plist; sourceTree = "<group>"; };
		6612152C29C36040000477C7 /* GitHubManager.swift */ = {isa = PBXFileReference; lastKnownFileType = sourcecode.swift; path = GitHubManager.swift; sourceTree = "<group>"; };
		6612152E29C360F7000477C7 /* Repository.swift */ = {isa = PBXFileReference; lastKnownFileType = sourcecode.swift; path = Repository.swift; sourceTree = "<group>"; };
		6612153029C3617C000477C7 /* K.swift */ = {isa = PBXFileReference; lastKnownFileType = sourcecode.swift; path = K.swift; sourceTree = "<group>"; };
		6616FC6329C27227001B24C4 /* VT323-Regular.ttf */ = {isa = PBXFileReference; lastKnownFileType = file; path = "VT323-Regular.ttf"; sourceTree = "<group>"; };
		662CE76029CB5FBA0094D5AC /* LaunchLogo.png */ = {isa = PBXFileReference; lastKnownFileType = image.png; path = LaunchLogo.png; sourceTree = "<group>"; };
		662CE76229CB65070094D5AC /* README.md */ = {isa = PBXFileReference; lastKnownFileType = net.daringfireball.markdown; path = README.md; sourceTree = "<group>"; };
		664B897B29C64463008445CB /* GitHubPageViewController.swift */ = {isa = PBXFileReference; lastKnownFileType = sourcecode.swift; path = GitHubPageViewController.swift; sourceTree = "<group>"; };
		66747E9029C3388900AFE39D /* ReposListViewController.swift */ = {isa = PBXFileReference; lastKnownFileType = sourcecode.swift; path = ReposListViewController.swift; sourceTree = "<group>"; };
		66747E9629C3466400AFE39D /* RepositoryCell.xib */ = {isa = PBXFileReference; fileEncoding = 4; lastKnownFileType = file.xib; path = RepositoryCell.xib; sourceTree = "<group>"; };
		66747E9729C3466400AFE39D /* RepositoryCell.swift */ = {isa = PBXFileReference; fileEncoding = 4; lastKnownFileType = sourcecode.swift; path = RepositoryCell.swift; sourceTree = "<group>"; };
		66BEB2472AB8B8A1001DD47F /* YouTubeViewController.swift */ = {isa = PBXFileReference; lastKnownFileType = sourcecode.swift; path = YouTubeViewController.swift; sourceTree = "<group>"; };
		66BEB2492AB8BDDC001DD47F /* AboutViewController.swift */ = {isa = PBXFileReference; lastKnownFileType = sourcecode.swift; path = AboutViewController.swift; sourceTree = "<group>"; };
		66F1EACA2A55C8F100DF3A6C /* AppearanceManager.swift */ = {isa = PBXFileReference; fileEncoding = 4; lastKnownFileType = sourcecode.swift; path = AppearanceManager.swift; sourceTree = "<group>"; };
		66FE4AA029C7A4C8003E95B2 /* SettingsViewController.swift */ = {isa = PBXFileReference; lastKnownFileType = sourcecode.swift; path = SettingsViewController.swift; sourceTree = "<group>"; };
/* End PBXFileReference section */

/* Begin PBXFrameworksBuildPhase section */
		660D332E29BFD31100773AE6 /* Frameworks */ = {
			isa = PBXFrameworksBuildPhase;
			buildActionMask = 2147483647;
			files = (
			);
			runOnlyForDeploymentPostprocessing = 0;
		};
/* End PBXFrameworksBuildPhase section */

/* Begin PBXGroup section */
		660D332829BFD31000773AE6 = {
			isa = PBXGroup;
			children = (
				662CE76229CB65070094D5AC /* README.md */,
				660D333329BFD31100773AE6 /* AboutMe */,
				660D333229BFD31100773AE6 /* Products */,
			);
			sourceTree = "<group>";
			tabWidth = 4;
			usesTabs = 1;
		};
		660D333229BFD31100773AE6 /* Products */ = {
			isa = PBXGroup;
			children = (
				660D333129BFD31100773AE6 /* AboutMe.app */,
			);
			name = Products;
			sourceTree = "<group>";
		};
		660D333329BFD31100773AE6 /* AboutMe */ = {
			isa = PBXGroup;
			children = (
				660D333629BFD31100773AE6 /* SceneDelegate.swift */,
				660D333429BFD31100773AE6 /* AppDelegate.swift */,
				6616FC6229C2720D001B24C4 /* Fonts */,
				66747E8D29C334B600AFE39D /* Models */,
				66747E8C29C3349600AFE39D /* Views */,
				66747E8B29C3345A00AFE39D /* Controllers */,
				660D333D29BFD31200773AE6 /* Assets.xcassets */,
				660D333F29BFD31200773AE6 /* LaunchScreen.storyboard */,
				660D334229BFD31200773AE6 /* Info.plist */,
				6612153029C3617C000477C7 /* K.swift */,
				662CE76029CB5FBA0094D5AC /* LaunchLogo.png */,
			);
			path = AboutMe;
			sourceTree = "<group>";
		};
		6616FC6229C2720D001B24C4 /* Fonts */ = {
			isa = PBXGroup;
			children = (
				6616FC6329C27227001B24C4 /* VT323-Regular.ttf */,
			);
			path = Fonts;
			sourceTree = "<group>";
		};
		66747E8B29C3345A00AFE39D /* Controllers */ = {
			isa = PBXGroup;
			children = (
				660D333829BFD31100773AE6 /* WelcomeViewController.swift */,
				66747E9029C3388900AFE39D /* ReposListViewController.swift */,
				664B897B29C64463008445CB /* GitHubPageViewController.swift */,
				66FE4AA029C7A4C8003E95B2 /* SettingsViewController.swift */,
				66BEB2472AB8B8A1001DD47F /* YouTubeViewController.swift */,
				66BEB2492AB8BDDC001DD47F /* AboutViewController.swift */,
			);
			path = Controllers;
			sourceTree = "<group>";
		};
		66747E8C29C3349600AFE39D /* Views */ = {
			isa = PBXGroup;
			children = (
				66747E9729C3466400AFE39D /* RepositoryCell.swift */,
				66747E9629C3466400AFE39D /* RepositoryCell.xib */,
				660D333A29BFD31100773AE6 /* Main.storyboard */,
			);
			path = Views;
			sourceTree = "<group>";
		};
		66747E8D29C334B600AFE39D /* Models */ = {
			isa = PBXGroup;
			children = (
				6612152C29C36040000477C7 /* GitHubManager.swift */,
				6612152E29C360F7000477C7 /* Repository.swift */,
				66F1EACA2A55C8F100DF3A6C /* AppearanceManager.swift */,
			);
			path = Models;
			sourceTree = "<group>";
		};
/* End PBXGroup section */

/* Begin PBXNativeTarget section */
		660D333029BFD31100773AE6 /* AboutMe */ = {
			isa = PBXNativeTarget;
			buildConfigurationList = 660D334529BFD31200773AE6 /* Build configuration list for PBXNativeTarget "AboutMe" */;
			buildPhases = (
				660D332D29BFD31100773AE6 /* Sources */,
				660D332E29BFD31100773AE6 /* Frameworks */,
				660D332F29BFD31100773AE6 /* Resources */,
			);
			buildRules = (
			);
			dependencies = (
			);
			name = AboutMe;
			productName = Readme;
			productReference = 660D333129BFD31100773AE6 /* AboutMe.app */;
			productType = "com.apple.product-type.application";
		};
/* End PBXNativeTarget section */

/* Begin PBXProject section */
		660D332929BFD31000773AE6 /* Project object */ = {
			isa = PBXProject;
			attributes = {
				BuildIndependentTargetsInParallel = 1;
				LastSwiftUpdateCheck = 1320;
				LastUpgradeCheck = 1320;
				TargetAttributes = {
					660D333029BFD31100773AE6 = {
						CreatedOnToolsVersion = 13.2.1;
					};
				};
			};
			buildConfigurationList = 660D332C29BFD31000773AE6 /* Build configuration list for PBXProject "AboutMe" */;
			compatibilityVersion = "Xcode 13.0";
			developmentRegion = en;
			hasScannedForEncodings = 0;
			knownRegions = (
				en,
				Base,
			);
			mainGroup = 660D332829BFD31000773AE6;
			productRefGroup = 660D333229BFD31100773AE6 /* Products */;
			projectDirPath = "";
			projectRoot = "";
			targets = (
				660D333029BFD31100773AE6 /* AboutMe */,
			);
		};
/* End PBXProject section */

/* Begin PBXResourcesBuildPhase section */
		660D332F29BFD31100773AE6 /* Resources */ = {
			isa = PBXResourcesBuildPhase;
			buildActionMask = 2147483647;
			files = (
				660D334129BFD31200773AE6 /* LaunchScreen.storyboard in Resources */,
				660D333E29BFD31200773AE6 /* Assets.xcassets in Resources */,
				6616FC6429C27227001B24C4 /* VT323-Regular.ttf in Resources */,
				66747E9829C3466400AFE39D /* RepositoryCell.xib in Resources */,
				660D333C29BFD31100773AE6 /* Main.storyboard in Resources */,
				662CE76129CB5FBA0094D5AC /* LaunchLogo.png in Resources */,
			);
			runOnlyForDeploymentPostprocessing = 0;
		};
/* End PBXResourcesBuildPhase section */

/* Begin PBXSourcesBuildPhase section */
		660D332D29BFD31100773AE6 /* Sources */ = {
			isa = PBXSourcesBuildPhase;
			buildActionMask = 2147483647;
			files = (
				664B897C29C64463008445CB /* GitHubPageViewController.swift in Sources */,
				6612152F29C360F7000477C7 /* Repository.swift in Sources */,
				6612152D29C36040000477C7 /* GitHubManager.swift in Sources */,
				66FE4AA129C7A4C8003E95B2 /* SettingsViewController.swift in Sources */,
				66747E9929C3466400AFE39D /* RepositoryCell.swift in Sources */,
				660D333929BFD31100773AE6 /* WelcomeViewController.swift in Sources */,
				66BEB2482AB8B8A1001DD47F /* YouTubeViewController.swift in Sources */,
				660D333529BFD31100773AE6 /* AppDelegate.swift in Sources */,
				6612153129C3617C000477C7 /* K.swift in Sources */,
				66F1EACB2A55C8F100DF3A6C /* AppearanceManager.swift in Sources */,
				660D333729BFD31100773AE6 /* SceneDelegate.swift in Sources */,
				66BEB24A2AB8BDDC001DD47F /* AboutViewController.swift in Sources */,
				66747E9129C3388900AFE39D /* ReposListViewController.swift in Sources */,
			);
			runOnlyForDeploymentPostprocessing = 0;
		};
/* End PBXSourcesBuildPhase section */

/* Begin PBXVariantGroup section */
		660D333A29BFD31100773AE6 /* Main.storyboard */ = {
			isa = PBXVariantGroup;
			children = (
				660D333B29BFD31100773AE6 /* Base */,
			);
			name = Main.storyboard;
			sourceTree = "<group>";
		};
		660D333F29BFD31200773AE6 /* LaunchScreen.storyboard */ = {
			isa = PBXVariantGroup;
			children = (
				660D334029BFD31200773AE6 /* Base */,
			);
			name = LaunchScreen.storyboard;
			sourceTree = "<group>";
		};
/* End PBXVariantGroup section */

/* Begin XCBuildConfiguration section */
		660D334329BFD31200773AE6 /* Debug */ = {
			isa = XCBuildConfiguration;
			buildSettings = {
				ALWAYS_SEARCH_USER_PATHS = NO;
				CLANG_ANALYZER_NONNULL = YES;
				CLANG_ANALYZER_NUMBER_OBJECT_CONVERSION = YES_AGGRESSIVE;
				CLANG_CXX_LANGUAGE_STANDARD = "gnu++17";
				CLANG_CXX_LIBRARY = "libc++";
				CLANG_ENABLE_MODULES = YES;
				CLANG_ENABLE_OBJC_ARC = YES;
				CLANG_ENABLE_OBJC_WEAK = YES;
				CLANG_WARN_BLOCK_CAPTURE_AUTORELEASING = YES;
				CLANG_WARN_BOOL_CONVERSION = YES;
				CLANG_WARN_COMMA = YES;
				CLANG_WARN_CONSTANT_CONVERSION = YES;
				CLANG_WARN_DEPRECATED_OBJC_IMPLEMENTATIONS = YES;
				CLANG_WARN_DIRECT_OBJC_ISA_USAGE = YES_ERROR;
				CLANG_WARN_DOCUMENTATION_COMMENTS = YES;
				CLANG_WARN_EMPTY_BODY = YES;
				CLANG_WARN_ENUM_CONVERSION = YES;
				CLANG_WARN_INFINITE_RECURSION = YES;
				CLANG_WARN_INT_CONVERSION = YES;
				CLANG_WARN_NON_LITERAL_NULL_CONVERSION = YES;
				CLANG_WARN_OBJC_IMPLICIT_RETAIN_SELF = YES;
				CLANG_WARN_OBJC_LITERAL_CONVERSION = YES;
				CLANG_WARN_OBJC_ROOT_CLASS = YES_ERROR;
				CLANG_WARN_QUOTED_INCLUDE_IN_FRAMEWORK_HEADER = YES;
				CLANG_WARN_RANGE_LOOP_ANALYSIS = YES;
				CLANG_WARN_STRICT_PROTOTYPES = YES;
				CLANG_WARN_SUSPICIOUS_MOVE = YES;
				CLANG_WARN_UNGUARDED_AVAILABILITY = YES_AGGRESSIVE;
				CLANG_WARN_UNREACHABLE_CODE = YES;
				CLANG_WARN__DUPLICATE_METHOD_MATCH = YES;
				COPY_PHASE_STRIP = NO;
				DEBUG_INFORMATION_FORMAT = dwarf;
				ENABLE_STRICT_OBJC_MSGSEND = YES;
				ENABLE_TESTABILITY = YES;
				GCC_C_LANGUAGE_STANDARD = gnu11;
				GCC_DYNAMIC_NO_PIC = NO;
				GCC_NO_COMMON_BLOCKS = YES;
				GCC_OPTIMIZATION_LEVEL = 0;
				GCC_PREPROCESSOR_DEFINITIONS = (
					"DEBUG=1",
					"$(inherited)",
				);
				GCC_WARN_64_TO_32_BIT_CONVERSION = YES;
				GCC_WARN_ABOUT_RETURN_TYPE = YES_ERROR;
				GCC_WARN_UNDECLARED_SELECTOR = YES;
				GCC_WARN_UNINITIALIZED_AUTOS = YES_AGGRESSIVE;
				GCC_WARN_UNUSED_FUNCTION = YES;
				GCC_WARN_UNUSED_VARIABLE = YES;
				IPHONEOS_DEPLOYMENT_TARGET = 15.2;
				MTL_ENABLE_DEBUG_INFO = INCLUDE_SOURCE;
				MTL_FAST_MATH = YES;
				ONLY_ACTIVE_ARCH = YES;
				SDKROOT = iphoneos;
				SWIFT_ACTIVE_COMPILATION_CONDITIONS = DEBUG;
				SWIFT_OPTIMIZATION_LEVEL = "-Onone";
			};
			name = Debug;
		};
		660D334429BFD31200773AE6 /* Release */ = {
			isa = XCBuildConfiguration;
			buildSettings = {
				ALWAYS_SEARCH_USER_PATHS = NO;
				CLANG_ANALYZER_NONNULL = YES;
				CLANG_ANALYZER_NUMBER_OBJECT_CONVERSION = YES_AGGRESSIVE;
				CLANG_CXX_LANGUAGE_STANDARD = "gnu++17";
				CLANG_CXX_LIBRARY = "libc++";
				CLANG_ENABLE_MODULES = YES;
				CLANG_ENABLE_OBJC_ARC = YES;
				CLANG_ENABLE_OBJC_WEAK = YES;
				CLANG_WARN_BLOCK_CAPTURE_AUTORELEASING = YES;
				CLANG_WARN_BOOL_CONVERSION = YES;
				CLANG_WARN_COMMA = YES;
				CLANG_WARN_CONSTANT_CONVERSION = YES;
				CLANG_WARN_DEPRECATED_OBJC_IMPLEMENTATIONS = YES;
				CLANG_WARN_DIRECT_OBJC_ISA_USAGE = YES_ERROR;
				CLANG_WARN_DOCUMENTATION_COMMENTS = YES;
				CLANG_WARN_EMPTY_BODY = YES;
				CLANG_WARN_ENUM_CONVERSION = YES;
				CLANG_WARN_INFINITE_RECURSION = YES;
				CLANG_WARN_INT_CONVERSION = YES;
				CLANG_WARN_NON_LITERAL_NULL_CONVERSION = YES;
				CLANG_WARN_OBJC_IMPLICIT_RETAIN_SELF = YES;
				CLANG_WARN_OBJC_LITERAL_CONVERSION = YES;
				CLANG_WARN_OBJC_ROOT_CLASS = YES_ERROR;
				CLANG_WARN_QUOTED_INCLUDE_IN_FRAMEWORK_HEADER = YES;
				CLANG_WARN_RANGE_LOOP_ANALYSIS = YES;
				CLANG_WARN_STRICT_PROTOTYPES = YES;
				CLANG_WARN_SUSPICIOUS_MOVE = YES;
				CLANG_WARN_UNGUARDED_AVAILABILITY = YES_AGGRESSIVE;
				CLANG_WARN_UNREACHABLE_CODE = YES;
				CLANG_WARN__DUPLICATE_METHOD_MATCH = YES;
				COPY_PHASE_STRIP = NO;
				DEBUG_INFORMATION_FORMAT = "dwarf-with-dsym";
				ENABLE_NS_ASSERTIONS = NO;
				ENABLE_STRICT_OBJC_MSGSEND = YES;
				GCC_C_LANGUAGE_STANDARD = gnu11;
				GCC_NO_COMMON_BLOCKS = YES;
				GCC_WARN_64_TO_32_BIT_CONVERSION = YES;
				GCC_WARN_ABOUT_RETURN_TYPE = YES_ERROR;
				GCC_WARN_UNDECLARED_SELECTOR = YES;
				GCC_WARN_UNINITIALIZED_AUTOS = YES_AGGRESSIVE;
				GCC_WARN_UNUSED_FUNCTION = YES;
				GCC_WARN_UNUSED_VARIABLE = YES;
				IPHONEOS_DEPLOYMENT_TARGET = 15.2;
				MTL_ENABLE_DEBUG_INFO = NO;
				MTL_FAST_MATH = YES;
				SDKROOT = iphoneos;
				SWIFT_COMPILATION_MODE = wholemodule;
				SWIFT_OPTIMIZATION_LEVEL = "-O";
				VALIDATE_PRODUCT = YES;
			};
			name = Release;
		};
		660D334629BFD31200773AE6 /* Debug */ = {
			isa = XCBuildConfiguration;
			buildSettings = {
				ASSETCATALOG_COMPILER_APPICON_NAME = AppIcon;
				ASSETCATALOG_COMPILER_GLOBAL_ACCENT_COLOR_NAME = AccentColor;
				CODE_SIGN_STYLE = Automatic;
				CURRENT_PROJECT_VERSION = 1;
				GENERATE_INFOPLIST_FILE = YES;
				INFOPLIST_FILE = AboutMe/Info.plist;
				INFOPLIST_KEY_CFBundleDisplayName = AboutMe;
				INFOPLIST_KEY_UIApplicationSupportsIndirectInputEvents = YES;
				INFOPLIST_KEY_UILaunchStoryboardName = LaunchScreen;
				INFOPLIST_KEY_UIMainStoryboardFile = Main;
				INFOPLIST_KEY_UISupportedInterfaceOrientations = UIInterfaceOrientationPortrait;
				INFOPLIST_KEY_UISupportedInterfaceOrientations_iPad = "UIInterfaceOrientationPortrait UIInterfaceOrientationPortraitUpsideDown UIInterfaceOrientationLandscapeLeft UIInterfaceOrientationLandscapeRight";
				INFOPLIST_KEY_UISupportedInterfaceOrientations_iPhone = "UIInterfaceOrientationPortrait UIInterfaceOrientationLandscapeLeft UIInterfaceOrientationLandscapeRight";
				LD_RUNPATH_SEARCH_PATHS = (
					"$(inherited)",
					"@executable_path/Frameworks",
				);
				MARKETING_VERSION = 1.0;
				PRODUCT_BUNDLE_IDENTIFIER = com.admi126n.AboutMe;
				PRODUCT_NAME = "$(TARGET_NAME)";
				SWIFT_EMIT_LOC_STRINGS = YES;
				SWIFT_VERSION = 5.0;
				TARGETED_DEVICE_FAMILY = 1;
			};
			name = Debug;
		};
		660D334729BFD31200773AE6 /* Release */ = {
			isa = XCBuildConfiguration;
			buildSettings = {
				ASSETCATALOG_COMPILER_APPICON_NAME = AppIcon;
				ASSETCATALOG_COMPILER_GLOBAL_ACCENT_COLOR_NAME = AccentColor;
				CODE_SIGN_STYLE = Automatic;
				CURRENT_PROJECT_VERSION = 1;
				GENERATE_INFOPLIST_FILE = YES;
				INFOPLIST_FILE = AboutMe/Info.plist;
				INFOPLIST_KEY_CFBundleDisplayName = AboutMe;
				INFOPLIST_KEY_UIApplicationSupportsIndirectInputEvents = YES;
				INFOPLIST_KEY_UILaunchStoryboardName = LaunchScreen;
				INFOPLIST_KEY_UIMainStoryboardFile = Main;
				INFOPLIST_KEY_UISupportedInterfaceOrientations = UIInterfaceOrientationPortrait;
				INFOPLIST_KEY_UISupportedInterfaceOrientations_iPad = "UIInterfaceOrientationPortrait UIInterfaceOrientationPortraitUpsideDown UIInterfaceOrientationLandscapeLeft UIInterfaceOrientationLandscapeRight";
				INFOPLIST_KEY_UISupportedInterfaceOrientations_iPhone = "UIInterfaceOrientationPortrait UIInterfaceOrientationLandscapeLeft UIInterfaceOrientationLandscapeRight";
				LD_RUNPATH_SEARCH_PATHS = (
					"$(inherited)",
					"@executable_path/Frameworks",
				);
				MARKETING_VERSION = 1.0;
				PRODUCT_BUNDLE_IDENTIFIER = com.admi126n.AboutMe;
				PRODUCT_NAME = "$(TARGET_NAME)";
				SWIFT_EMIT_LOC_STRINGS = YES;
				SWIFT_VERSION = 5.0;
				TARGETED_DEVICE_FAMILY = 1;
			};
			name = Release;
		};
/* End XCBuildConfiguration section */

/* Begin XCConfigurationList section */
		660D332C29BFD31000773AE6 /* Build configuration list for PBXProject "AboutMe" */ = {
			isa = XCConfigurationList;
			buildConfigurations = (
				660D334329BFD31200773AE6 /* Debug */,
				660D334429BFD31200773AE6 /* Release */,
			);
			defaultConfigurationIsVisible = 0;
			defaultConfigurationName = Release;
		};
		660D334529BFD31200773AE6 /* Build configuration list for PBXNativeTarget "AboutMe" */ = {
			isa = XCConfigurationList;
			buildConfigurations = (
				660D334629BFD31200773AE6 /* Debug */,
				660D334729BFD31200773AE6 /* Release */,
			);
			defaultConfigurationIsVisible = 0;
			defaultConfigurationName = Release;
		};
/* End XCConfigurationList section */
	};
	rootObject = 660D332929BFD31000773AE6 /* Project object */;
}
